// !$*UTF8*$!
{
	archiveVersion = 1;
	classes = {
	};
	objectVersion = 56;
	objects = {

/* Begin PBXBuildFile section */
		6329E17F2A42D05500DB6D0D /* POIdetails.swift in Sources */ = {isa = PBXBuildFile; fileRef = 6329E17E2A42D05500DB6D0D /* POIdetails.swift */; };
		6329E1832A42D36800DB6D0D /* POIdetailsViewController.swift in Sources */ = {isa = PBXBuildFile; fileRef = 6329E1822A42D36800DB6D0D /* POIdetailsViewController.swift */; };
		6329E1852A42D3A800DB6D0D /* DetailsScreenVIew.swift in Sources */ = {isa = PBXBuildFile; fileRef = 6329E1842A42D3A800DB6D0D /* DetailsScreenVIew.swift */; };
		635DF5B32A3C57EF004FC48C /* FirstScreenView.swift in Sources */ = {isa = PBXBuildFile; fileRef = 635DF5B22A3C57EF004FC48C /* FirstScreenView.swift */; };
		635DF5B82A3C58F3004FC48C /* Extensions.swift in Sources */ = {isa = PBXBuildFile; fileRef = 635DF5B72A3C58F3004FC48C /* Extensions.swift */; };
		635DF5BA2A3C5DB3004FC48C /* CommonStrings .swift in Sources */ = {isa = PBXBuildFile; fileRef = 635DF5B92A3C5DB3004FC48C /* CommonStrings .swift */; };
		636FD1E72A3DA8E3002EAD84 /* PlacesToVisitCell.swift in Sources */ = {isa = PBXBuildFile; fileRef = 636FD1E62A3DA8E3002EAD84 /* PlacesToVisitCell.swift */; };
		63BA9F442A4442DF00E3E2F6 /* CuisineCoordinator.swift in Sources */ = {isa = PBXBuildFile; fileRef = 63BA9F432A4442DF00E3E2F6 /* CuisineCoordinator.swift */; };
		63BA9F472A44437B00E3E2F6 /* CuisineVC.swift in Sources */ = {isa = PBXBuildFile; fileRef = 63BA9F462A44437B00E3E2F6 /* CuisineVC.swift */; };
		63BA9F4B2A44440700E3E2F6 /* CuisineViewModel.swift in Sources */ = {isa = PBXBuildFile; fileRef = 63BA9F4A2A44440700E3E2F6 /* CuisineViewModel.swift */; };
		63C257742A382DF6005E1D09 /* NetworkDataFetcher.swift in Sources */ = {isa = PBXBuildFile; fileRef = 63C257732A382DF6005E1D09 /* NetworkDataFetcher.swift */; };
		63C257762A382E07005E1D09 /* NetworkService.swift in Sources */ = {isa = PBXBuildFile; fileRef = 63C257752A382E07005E1D09 /* NetworkService.swift */; };
		63C2577A2A382E33005E1D09 /* NetworkFetcherService.swift in Sources */ = {isa = PBXBuildFile; fileRef = 63C257792A382E33005E1D09 /* NetworkFetcherService.swift */; };
		63C2577C2A382E43005E1D09 /* NetworkingModel.swift in Sources */ = {isa = PBXBuildFile; fileRef = 63C2577B2A382E43005E1D09 /* NetworkingModel.swift */; };
		63E7C5232A0E422A00BEFA61 /* AppDelegate.swift in Sources */ = {isa = PBXBuildFile; fileRef = 63E7C5222A0E422A00BEFA61 /* AppDelegate.swift */; };
		63E7C5252A0E422A00BEFA61 /* SceneDelegate.swift in Sources */ = {isa = PBXBuildFile; fileRef = 63E7C5242A0E422A00BEFA61 /* SceneDelegate.swift */; };
		63E7C5272A0E422A00BEFA61 /* ViewController.swift in Sources */ = {isa = PBXBuildFile; fileRef = 63E7C5262A0E422A00BEFA61 /* ViewController.swift */; };
		63E7C52C2A0E422B00BEFA61 /* Assets.xcassets in Resources */ = {isa = PBXBuildFile; fileRef = 63E7C52B2A0E422B00BEFA61 /* Assets.xcassets */; };
		63E7C52F2A0E422B00BEFA61 /* LaunchScreen.storyboard in Resources */ = {isa = PBXBuildFile; fileRef = 63E7C52D2A0E422B00BEFA61 /* LaunchScreen.storyboard */; };
		63E7C5372A0E42A300BEFA61 /* MainCordinator.swift in Sources */ = {isa = PBXBuildFile; fileRef = 63E7C5362A0E42A300BEFA61 /* MainCordinator.swift */; };
		63E7C5392A0E438F00BEFA61 /* Coordinator.swift in Sources */ = {isa = PBXBuildFile; fileRef = 63E7C5382A0E438F00BEFA61 /* Coordinator.swift */; };
		63E7C53B2A0E43AD00BEFA61 /* TabBarViewController.swift in Sources */ = {isa = PBXBuildFile; fileRef = 63E7C53A2A0E43AD00BEFA61 /* TabBarViewController.swift */; };
		63E7C53D2A0E43E900BEFA61 /* ControllerFactory.swift in Sources */ = {isa = PBXBuildFile; fileRef = 63E7C53C2A0E43E900BEFA61 /* ControllerFactory.swift */; };
		63E7C53F2A0E44DC00BEFA61 /* FirstScreenCoordinator.swift in Sources */ = {isa = PBXBuildFile; fileRef = 63E7C53E2A0E44DC00BEFA61 /* FirstScreenCoordinator.swift */; };
		63E7C5412A0E45DC00BEFA61 /* FirtsScreenViewModel.swift in Sources */ = {isa = PBXBuildFile; fileRef = 63E7C5402A0E45DC00BEFA61 /* FirtsScreenViewModel.swift */; };
/* End PBXBuildFile section */

/* Begin PBXFileReference section */
		6329E17E2A42D05500DB6D0D /* POIdetails.swift */ = {isa = PBXFileReference; lastKnownFileType = sourcecode.swift; path = POIdetails.swift; sourceTree = "<group>"; };
		6329E1822A42D36800DB6D0D /* POIdetailsViewController.swift */ = {isa = PBXFileReference; lastKnownFileType = sourcecode.swift; path = POIdetailsViewController.swift; sourceTree = "<group>"; };
		6329E1842A42D3A800DB6D0D /* DetailsScreenVIew.swift */ = {isa = PBXFileReference; lastKnownFileType = sourcecode.swift; path = DetailsScreenVIew.swift; sourceTree = "<group>"; };
		635DF5B22A3C57EF004FC48C /* FirstScreenView.swift */ = {isa = PBXFileReference; lastKnownFileType = sourcecode.swift; path = FirstScreenView.swift; sourceTree = "<group>"; };
		635DF5B72A3C58F3004FC48C /* Extensions.swift */ = {isa = PBXFileReference; lastKnownFileType = sourcecode.swift; path = Extensions.swift; sourceTree = "<group>"; };
		635DF5B92A3C5DB3004FC48C /* CommonStrings .swift */ = {isa = PBXFileReference; lastKnownFileType = sourcecode.swift; path = "CommonStrings .swift"; sourceTree = "<group>"; };
		636FD1E62A3DA8E3002EAD84 /* PlacesToVisitCell.swift */ = {isa = PBXFileReference; lastKnownFileType = sourcecode.swift; path = PlacesToVisitCell.swift; sourceTree = "<group>"; };
		63BA9F432A4442DF00E3E2F6 /* CuisineCoordinator.swift */ = {isa = PBXFileReference; lastKnownFileType = sourcecode.swift; path = CuisineCoordinator.swift; sourceTree = "<group>"; };
		63BA9F462A44437B00E3E2F6 /* CuisineVC.swift */ = {isa = PBXFileReference; lastKnownFileType = sourcecode.swift; path = CuisineVC.swift; sourceTree = "<group>"; };
		63BA9F4A2A44440700E3E2F6 /* CuisineViewModel.swift */ = {isa = PBXFileReference; lastKnownFileType = sourcecode.swift; path = CuisineViewModel.swift; sourceTree = "<group>"; };
		63C257732A382DF6005E1D09 /* NetworkDataFetcher.swift */ = {isa = PBXFileReference; lastKnownFileType = sourcecode.swift; path = NetworkDataFetcher.swift; sourceTree = "<group>"; };
		63C257752A382E07005E1D09 /* NetworkService.swift */ = {isa = PBXFileReference; lastKnownFileType = sourcecode.swift; path = NetworkService.swift; sourceTree = "<group>"; };
		63C257792A382E33005E1D09 /* NetworkFetcherService.swift */ = {isa = PBXFileReference; lastKnownFileType = sourcecode.swift; path = NetworkFetcherService.swift; sourceTree = "<group>"; };
		63C2577B2A382E43005E1D09 /* NetworkingModel.swift */ = {isa = PBXFileReference; lastKnownFileType = sourcecode.swift; path = NetworkingModel.swift; sourceTree = "<group>"; };
		63E7C51F2A0E422A00BEFA61 /* GoDanang.app */ = {isa = PBXFileReference; explicitFileType = wrapper.application; includeInIndex = 0; path = GoDanang.app; sourceTree = BUILT_PRODUCTS_DIR; };
		63E7C5222A0E422A00BEFA61 /* AppDelegate.swift */ = {isa = PBXFileReference; lastKnownFileType = sourcecode.swift; path = AppDelegate.swift; sourceTree = "<group>"; };
		63E7C5242A0E422A00BEFA61 /* SceneDelegate.swift */ = {isa = PBXFileReference; lastKnownFileType = sourcecode.swift; path = SceneDelegate.swift; sourceTree = "<group>"; };
		63E7C5262A0E422A00BEFA61 /* ViewController.swift */ = {isa = PBXFileReference; lastKnownFileType = sourcecode.swift; path = ViewController.swift; sourceTree = "<group>"; };
		63E7C52B2A0E422B00BEFA61 /* Assets.xcassets */ = {isa = PBXFileReference; lastKnownFileType = folder.assetcatalog; path = Assets.xcassets; sourceTree = "<group>"; };
		63E7C52E2A0E422B00BEFA61 /* Base */ = {isa = PBXFileReference; lastKnownFileType = file.storyboard; name = Base; path = Base.lproj/LaunchScreen.storyboard; sourceTree = "<group>"; };
		63E7C5302A0E422B00BEFA61 /* Info.plist */ = {isa = PBXFileReference; lastKnownFileType = text.plist.xml; path = Info.plist; sourceTree = "<group>"; };
		63E7C5362A0E42A300BEFA61 /* MainCordinator.swift */ = {isa = PBXFileReference; lastKnownFileType = sourcecode.swift; path = MainCordinator.swift; sourceTree = "<group>"; };
		63E7C5382A0E438F00BEFA61 /* Coordinator.swift */ = {isa = PBXFileReference; lastKnownFileType = sourcecode.swift; path = Coordinator.swift; sourceTree = "<group>"; };
		63E7C53A2A0E43AD00BEFA61 /* TabBarViewController.swift */ = {isa = PBXFileReference; lastKnownFileType = sourcecode.swift; path = TabBarViewController.swift; sourceTree = "<group>"; };
		63E7C53C2A0E43E900BEFA61 /* ControllerFactory.swift */ = {isa = PBXFileReference; lastKnownFileType = sourcecode.swift; path = ControllerFactory.swift; sourceTree = "<group>"; };
		63E7C53E2A0E44DC00BEFA61 /* FirstScreenCoordinator.swift */ = {isa = PBXFileReference; lastKnownFileType = sourcecode.swift; path = FirstScreenCoordinator.swift; sourceTree = "<group>"; };
		63E7C5402A0E45DC00BEFA61 /* FirtsScreenViewModel.swift */ = {isa = PBXFileReference; lastKnownFileType = sourcecode.swift; path = FirtsScreenViewModel.swift; sourceTree = "<group>"; };
/* End PBXFileReference section */

/* Begin PBXFrameworksBuildPhase section */
		63E7C51C2A0E422A00BEFA61 /* Frameworks */ = {
			isa = PBXFrameworksBuildPhase;
			buildActionMask = 2147483647;
			files = (
			);
			runOnlyForDeploymentPostprocessing = 0;
		};
/* End PBXFrameworksBuildPhase section */

/* Begin PBXGroup section */
		6329E1802A42D08500DB6D0D /* Model VIewModel */ = {
			isa = PBXGroup;
			children = (
				63E7C5402A0E45DC00BEFA61 /* FirtsScreenViewModel.swift */,
				6329E17E2A42D05500DB6D0D /* POIdetails.swift */,
			);
			path = "Model VIewModel";
			sourceTree = "<group>";
		};
		6329E1812A42D0A400DB6D0D /* Views */ = {
			isa = PBXGroup;
			children = (
				635DF5B22A3C57EF004FC48C /* FirstScreenView.swift */,
				636FD1E62A3DA8E3002EAD84 /* PlacesToVisitCell.swift */,
				6329E1842A42D3A800DB6D0D /* DetailsScreenVIew.swift */,
			);
			path = Views;
			sourceTree = "<group>";
		};
		635DF5B42A3C589F004FC48C /* Common */ = {
			isa = PBXGroup;
			children = (
				635DF5B72A3C58F3004FC48C /* Extensions.swift */,
				635DF5B92A3C5DB3004FC48C /* CommonStrings .swift */,
			);
			path = Common;
			sourceTree = "<group>";
		};
		63BA9F452A44435E00E3E2F6 /* Cuisine */ = {
			isa = PBXGroup;
			children = (
				63BA9F462A44437B00E3E2F6 /* CuisineVC.swift */,
				63BA9F4A2A44440700E3E2F6 /* CuisineViewModel.swift */,
			);
			path = Cuisine;
			sourceTree = "<group>";
		};
		63C257722A382DAA005E1D09 /* Networking  */ = {
			isa = PBXGroup;
			children = (
				63C257732A382DF6005E1D09 /* NetworkDataFetcher.swift */,
				63C257752A382E07005E1D09 /* NetworkService.swift */,
				63C257792A382E33005E1D09 /* NetworkFetcherService.swift */,
				63C2577B2A382E43005E1D09 /* NetworkingModel.swift */,
			);
			path = "Networking ";
			sourceTree = "<group>";
		};
		63E7C5162A0E422A00BEFA61 = {
			isa = PBXGroup;
			children = (
				63E7C5212A0E422A00BEFA61 /* GoDanang */,
				63E7C5202A0E422A00BEFA61 /* Products */,
			);
			sourceTree = "<group>";
		};
		63E7C5202A0E422A00BEFA61 /* Products */ = {
			isa = PBXGroup;
			children = (
				63E7C51F2A0E422A00BEFA61 /* GoDanang.app */,
			);
			name = Products;
			sourceTree = "<group>";
		};
		63E7C5212A0E422A00BEFA61 /* GoDanang */ = {
			isa = PBXGroup;
			children = (
				63C257722A382DAA005E1D09 /* Networking  */,
				63E7C5222A0E422A00BEFA61 /* AppDelegate.swift */,
				63E7C5242A0E422A00BEFA61 /* SceneDelegate.swift */,
				63E7C5422A0E470B00BEFA61 /* Coordinators */,
				63E7C5442A0E476200BEFA61 /* FirstScreen */,
				63BA9F452A44435E00E3E2F6 /* Cuisine */,
				635DF5B42A3C589F004FC48C /* Common */,
				63E7C52B2A0E422B00BEFA61 /* Assets.xcassets */,
				63E7C52D2A0E422B00BEFA61 /* LaunchScreen.storyboard */,
				63E7C5302A0E422B00BEFA61 /* Info.plist */,
			);
			path = GoDanang;
			sourceTree = "<group>";
		};
		63E7C5422A0E470B00BEFA61 /* Coordinators */ = {
			isa = PBXGroup;
			children = (
				63E7C5382A0E438F00BEFA61 /* Coordinator.swift */,
				63E7C5362A0E42A300BEFA61 /* MainCordinator.swift */,
				63E7C53E2A0E44DC00BEFA61 /* FirstScreenCoordinator.swift */,
				63BA9F432A4442DF00E3E2F6 /* CuisineCoordinator.swift */,
				63E7C5432A0E474400BEFA61 /* CommonCoord */,
			);
			path = Coordinators;
			sourceTree = "<group>";
		};
		63E7C5432A0E474400BEFA61 /* CommonCoord */ = {
			isa = PBXGroup;
			children = (
				63E7C53C2A0E43E900BEFA61 /* ControllerFactory.swift */,
				63E7C53A2A0E43AD00BEFA61 /* TabBarViewController.swift */,
			);
			path = CommonCoord;
			sourceTree = "<group>";
		};
		63E7C5442A0E476200BEFA61 /* FirstScreen */ = {
			isa = PBXGroup;
			children = (
				6329E1802A42D08500DB6D0D /* Model VIewModel */,
				63E7C5262A0E422A00BEFA61 /* ViewController.swift */,
				6329E1822A42D36800DB6D0D /* POIdetailsViewController.swift */,
				6329E1812A42D0A400DB6D0D /* Views */,
			);
			path = FirstScreen;
			sourceTree = "<group>";
		};
/* End PBXGroup section */

/* Begin PBXNativeTarget section */
		63E7C51E2A0E422A00BEFA61 /* GoDanang */ = {
			isa = PBXNativeTarget;
			buildConfigurationList = 63E7C5332A0E422B00BEFA61 /* Build configuration list for PBXNativeTarget "GoDanang" */;
			buildPhases = (
				63E7C51B2A0E422A00BEFA61 /* Sources */,
				63E7C51C2A0E422A00BEFA61 /* Frameworks */,
				63E7C51D2A0E422A00BEFA61 /* Resources */,
			);
			buildRules = (
			);
			dependencies = (
			);
			name = GoDanang;
			productName = GoDanang;
			productReference = 63E7C51F2A0E422A00BEFA61 /* GoDanang.app */;
			productType = "com.apple.product-type.application";
		};
/* End PBXNativeTarget section */

/* Begin PBXProject section */
		63E7C5172A0E422A00BEFA61 /* Project object */ = {
			isa = PBXProject;
			attributes = {
				BuildIndependentTargetsInParallel = 1;
				LastSwiftUpdateCheck = 1420;
				LastUpgradeCheck = 1420;
				TargetAttributes = {
					63E7C51E2A0E422A00BEFA61 = {
						CreatedOnToolsVersion = 14.2;
					};
				};
			};
			buildConfigurationList = 63E7C51A2A0E422A00BEFA61 /* Build configuration list for PBXProject "GoDanang" */;
			compatibilityVersion = "Xcode 14.0";
			developmentRegion = en;
			hasScannedForEncodings = 0;
			knownRegions = (
				en,
				Base,
			);
			mainGroup = 63E7C5162A0E422A00BEFA61;
			productRefGroup = 63E7C5202A0E422A00BEFA61 /* Products */;
			projectDirPath = "";
			projectRoot = "";
			targets = (
				63E7C51E2A0E422A00BEFA61 /* GoDanang */,
			);
		};
/* End PBXProject section */

/* Begin PBXResourcesBuildPhase section */
		63E7C51D2A0E422A00BEFA61 /* Resources */ = {
			isa = PBXResourcesBuildPhase;
			buildActionMask = 2147483647;
			files = (
				63E7C52F2A0E422B00BEFA61 /* LaunchScreen.storyboard in Resources */,
				63E7C52C2A0E422B00BEFA61 /* Assets.xcassets in Resources */,
			);
			runOnlyForDeploymentPostprocessing = 0;
		};
/* End PBXResourcesBuildPhase section */

/* Begin PBXSourcesBuildPhase section */
		63E7C51B2A0E422A00BEFA61 /* Sources */ = {
			isa = PBXSourcesBuildPhase;
			buildActionMask = 2147483647;
			files = (
				63C257762A382E07005E1D09 /* NetworkService.swift in Sources */,
				63E7C5272A0E422A00BEFA61 /* ViewController.swift in Sources */,
				6329E1832A42D36800DB6D0D /* POIdetailsViewController.swift in Sources */,
				63BA9F442A4442DF00E3E2F6 /* CuisineCoordinator.swift in Sources */,
				635DF5BA2A3C5DB3004FC48C /* CommonStrings .swift in Sources */,
				63C2577A2A382E33005E1D09 /* NetworkFetcherService.swift in Sources */,
				63E7C5372A0E42A300BEFA61 /* MainCordinator.swift in Sources */,
				6329E17F2A42D05500DB6D0D /* POIdetails.swift in Sources */,
				63E7C5392A0E438F00BEFA61 /* Coordinator.swift in Sources */,
				63E7C53F2A0E44DC00BEFA61 /* FirstScreenCoordinator.swift in Sources */,
				63BA9F4B2A44440700E3E2F6 /* CuisineViewModel.swift in Sources */,
				63C257742A382DF6005E1D09 /* NetworkDataFetcher.swift in Sources */,
				63BA9F472A44437B00E3E2F6 /* CuisineVC.swift in Sources */,
				635DF5B32A3C57EF004FC48C /* FirstScreenView.swift in Sources */,
				63E7C5232A0E422A00BEFA61 /* AppDelegate.swift in Sources */,
				63E7C53B2A0E43AD00BEFA61 /* TabBarViewController.swift in Sources */,
				635DF5B82A3C58F3004FC48C /* Extensions.swift in Sources */,
				636FD1E72A3DA8E3002EAD84 /* PlacesToVisitCell.swift in Sources */,
				63C2577C2A382E43005E1D09 /* NetworkingModel.swift in Sources */,
				63E7C5412A0E45DC00BEFA61 /* FirtsScreenViewModel.swift in Sources */,
				63E7C5252A0E422A00BEFA61 /* SceneDelegate.swift in Sources */,
				63E7C53D2A0E43E900BEFA61 /* ControllerFactory.swift in Sources */,
				6329E1852A42D3A800DB6D0D /* DetailsScreenVIew.swift in Sources */,
			);
			runOnlyForDeploymentPostprocessing = 0;
		};
/* End PBXSourcesBuildPhase section */

/* Begin PBXVariantGroup section */
		63E7C52D2A0E422B00BEFA61 /* LaunchScreen.storyboard */ = {
			isa = PBXVariantGroup;
			children = (
				63E7C52E2A0E422B00BEFA61 /* Base */,
			);
			name = LaunchScreen.storyboard;
			sourceTree = "<group>";
		};
/* End PBXVariantGroup section */

/* Begin XCBuildConfiguration section */
		63E7C5312A0E422B00BEFA61 /* Debug */ = {
			isa = XCBuildConfiguration;
			buildSettings = {
				ALWAYS_SEARCH_USER_PATHS = NO;
				CLANG_ANALYZER_NONNULL = YES;
				CLANG_ANALYZER_NUMBER_OBJECT_CONVERSION = YES_AGGRESSIVE;
				CLANG_CXX_LANGUAGE_STANDARD = "gnu++20";
				CLANG_ENABLE_MODULES = YES;
				CLANG_ENABLE_OBJC_ARC = YES;
				CLANG_ENABLE_OBJC_WEAK = YES;
				CLANG_WARN_BLOCK_CAPTURE_AUTORELEASING = YES;
				CLANG_WARN_BOOL_CONVERSION = YES;
				CLANG_WARN_COMMA = YES;
				CLANG_WARN_CONSTANT_CONVERSION = YES;
				CLANG_WARN_DEPRECATED_OBJC_IMPLEMENTATIONS = YES;
				CLANG_WARN_DIRECT_OBJC_ISA_USAGE = YES_ERROR;
				CLANG_WARN_DOCUMENTATION_COMMENTS = YES;
				CLANG_WARN_EMPTY_BODY = YES;
				CLANG_WARN_ENUM_CONVERSION = YES;
				CLANG_WARN_INFINITE_RECURSION = YES;
				CLANG_WARN_INT_CONVERSION = YES;
				CLANG_WARN_NON_LITERAL_NULL_CONVERSION = YES;
				CLANG_WARN_OBJC_IMPLICIT_RETAIN_SELF = YES;
				CLANG_WARN_OBJC_LITERAL_CONVERSION = YES;
				CLANG_WARN_OBJC_ROOT_CLASS = YES_ERROR;
				CLANG_WARN_QUOTED_INCLUDE_IN_FRAMEWORK_HEADER = YES;
				CLANG_WARN_RANGE_LOOP_ANALYSIS = YES;
				CLANG_WARN_STRICT_PROTOTYPES = YES;
				CLANG_WARN_SUSPICIOUS_MOVE = YES;
				CLANG_WARN_UNGUARDED_AVAILABILITY = YES_AGGRESSIVE;
				CLANG_WARN_UNREACHABLE_CODE = YES;
				CLANG_WARN__DUPLICATE_METHOD_MATCH = YES;
				COPY_PHASE_STRIP = NO;
				DEBUG_INFORMATION_FORMAT = dwarf;
				ENABLE_STRICT_OBJC_MSGSEND = YES;
				ENABLE_TESTABILITY = YES;
				GCC_C_LANGUAGE_STANDARD = gnu11;
				GCC_DYNAMIC_NO_PIC = NO;
				GCC_NO_COMMON_BLOCKS = YES;
				GCC_OPTIMIZATION_LEVEL = 0;
				GCC_PREPROCESSOR_DEFINITIONS = (
					"DEBUG=1",
					"$(inherited)",
				);
				GCC_WARN_64_TO_32_BIT_CONVERSION = YES;
				GCC_WARN_ABOUT_RETURN_TYPE = YES_ERROR;
				GCC_WARN_UNDECLARED_SELECTOR = YES;
				GCC_WARN_UNINITIALIZED_AUTOS = YES_AGGRESSIVE;
				GCC_WARN_UNUSED_FUNCTION = YES;
				GCC_WARN_UNUSED_VARIABLE = YES;
				IPHONEOS_DEPLOYMENT_TARGET = 13.0;
				MTL_ENABLE_DEBUG_INFO = INCLUDE_SOURCE;
				MTL_FAST_MATH = YES;
				ONLY_ACTIVE_ARCH = YES;
				SDKROOT = iphoneos;
				SWIFT_ACTIVE_COMPILATION_CONDITIONS = DEBUG;
				SWIFT_OPTIMIZATION_LEVEL = "-Onone";
			};
			name = Debug;
		};
		63E7C5322A0E422B00BEFA61 /* Release */ = {
			isa = XCBuildConfiguration;
			buildSettings = {
				ALWAYS_SEARCH_USER_PATHS = NO;
				CLANG_ANALYZER_NONNULL = YES;
				CLANG_ANALYZER_NUMBER_OBJECT_CONVERSION = YES_AGGRESSIVE;
				CLANG_CXX_LANGUAGE_STANDARD = "gnu++20";
				CLANG_ENABLE_MODULES = YES;
				CLANG_ENABLE_OBJC_ARC = YES;
				CLANG_ENABLE_OBJC_WEAK = YES;
				CLANG_WARN_BLOCK_CAPTURE_AUTORELEASING = YES;
				CLANG_WARN_BOOL_CONVERSION = YES;
				CLANG_WARN_COMMA = YES;
				CLANG_WARN_CONSTANT_CONVERSION = YES;
				CLANG_WARN_DEPRECATED_OBJC_IMPLEMENTATIONS = YES;
				CLANG_WARN_DIRECT_OBJC_ISA_USAGE = YES_ERROR;
				CLANG_WARN_DOCUMENTATION_COMMENTS = YES;
				CLANG_WARN_EMPTY_BODY = YES;
				CLANG_WARN_ENUM_CONVERSION = YES;
				CLANG_WARN_INFINITE_RECURSION = YES;
				CLANG_WARN_INT_CONVERSION = YES;
				CLANG_WARN_NON_LITERAL_NULL_CONVERSION = YES;
				CLANG_WARN_OBJC_IMPLICIT_RETAIN_SELF = YES;
				CLANG_WARN_OBJC_LITERAL_CONVERSION = YES;
				CLANG_WARN_OBJC_ROOT_CLASS = YES_ERROR;
				CLANG_WARN_QUOTED_INCLUDE_IN_FRAMEWORK_HEADER = YES;
				CLANG_WARN_RANGE_LOOP_ANALYSIS = YES;
				CLANG_WARN_STRICT_PROTOTYPES = YES;
				CLANG_WARN_SUSPICIOUS_MOVE = YES;
				CLANG_WARN_UNGUARDED_AVAILABILITY = YES_AGGRESSIVE;
				CLANG_WARN_UNREACHABLE_CODE = YES;
				CLANG_WARN__DUPLICATE_METHOD_MATCH = YES;
				COPY_PHASE_STRIP = NO;
				DEBUG_INFORMATION_FORMAT = "dwarf-with-dsym";
				ENABLE_NS_ASSERTIONS = NO;
				ENABLE_STRICT_OBJC_MSGSEND = YES;
				GCC_C_LANGUAGE_STANDARD = gnu11;
				GCC_NO_COMMON_BLOCKS = YES;
				GCC_WARN_64_TO_32_BIT_CONVERSION = YES;
				GCC_WARN_ABOUT_RETURN_TYPE = YES_ERROR;
				GCC_WARN_UNDECLARED_SELECTOR = YES;
				GCC_WARN_UNINITIALIZED_AUTOS = YES_AGGRESSIVE;
				GCC_WARN_UNUSED_FUNCTION = YES;
				GCC_WARN_UNUSED_VARIABLE = YES;
				IPHONEOS_DEPLOYMENT_TARGET = 13.0;
				MTL_ENABLE_DEBUG_INFO = NO;
				MTL_FAST_MATH = YES;
				SDKROOT = iphoneos;
				SWIFT_COMPILATION_MODE = wholemodule;
				SWIFT_OPTIMIZATION_LEVEL = "-O";
				VALIDATE_PRODUCT = YES;
			};
			name = Release;
		};
		63E7C5342A0E422B00BEFA61 /* Debug */ = {
			isa = XCBuildConfiguration;
			buildSettings = {
				ASSETCATALOG_COMPILER_APPICON_NAME = AppIcon;
				ASSETCATALOG_COMPILER_GLOBAL_ACCENT_COLOR_NAME = AccentColor;
				CODE_SIGN_STYLE = Automatic;
				CURRENT_PROJECT_VERSION = 1;
				DEVELOPMENT_TEAM = K38NVY9D5B;
				GENERATE_INFOPLIST_FILE = YES;
				INFOPLIST_FILE = GoDanang/Info.plist;
				INFOPLIST_KEY_LSApplicationCategoryType = "public.app-category.travel";
				INFOPLIST_KEY_UIApplicationSupportsIndirectInputEvents = YES;
				INFOPLIST_KEY_UILaunchStoryboardName = LaunchScreen;
				INFOPLIST_KEY_UISupportedInterfaceOrientations_iPad = "UIInterfaceOrientationPortrait UIInterfaceOrientationPortraitUpsideDown UIInterfaceOrientationLandscapeLeft UIInterfaceOrientationLandscapeRight";
				INFOPLIST_KEY_UISupportedInterfaceOrientations_iPhone = "UIInterfaceOrientationPortrait UIInterfaceOrientationLandscapeLeft UIInterfaceOrientationLandscapeRight";
				IPHONEOS_DEPLOYMENT_TARGET = 13.0;
				LD_RUNPATH_SEARCH_PATHS = (
					"$(inherited)",
					"@executable_path/Frameworks",
				);
				MARKETING_VERSION = 1.0;
				PRODUCT_BUNDLE_IDENTIFIER = com.markpushkar.godanang;
				PRODUCT_NAME = "$(TARGET_NAME)";
				SUPPORTED_PLATFORMS = "iphoneos iphonesimulator";
				SUPPORTS_MACCATALYST = NO;
				SUPPORTS_MAC_DESIGNED_FOR_IPHONE_IPAD = NO;
				SWIFT_EMIT_LOC_STRINGS = YES;
				SWIFT_VERSION = 5.0;
				TARGETED_DEVICE_FAMILY = 1;
			};
			name = Debug;
		};
		63E7C5352A0E422B00BEFA61 /* Release */ = {
			isa = XCBuildConfiguration;
			buildSettings = {
				ASSETCATALOG_COMPILER_APPICON_NAME = AppIcon;
				ASSETCATALOG_COMPILER_GLOBAL_ACCENT_COLOR_NAME = AccentColor;
				CODE_SIGN_STYLE = Automatic;
				CURRENT_PROJECT_VERSION = 1;
				DEVELOPMENT_TEAM = K38NVY9D5B;
				GENERATE_INFOPLIST_FILE = YES;
				INFOPLIST_FILE = GoDanang/Info.plist;
				INFOPLIST_KEY_LSApplicationCategoryType = "public.app-category.travel";
				INFOPLIST_KEY_UIApplicationSupportsIndirectInputEvents = YES;
				INFOPLIST_KEY_UILaunchStoryboardName = LaunchScreen;
				INFOPLIST_KEY_UISupportedInterfaceOrientations_iPad = "UIInterfaceOrientationPortrait UIInterfaceOrientationPortraitUpsideDown UIInterfaceOrientationLandscapeLeft UIInterfaceOrientationLandscapeRight";
				INFOPLIST_KEY_UISupportedInterfaceOrientations_iPhone = "UIInterfaceOrientationPortrait UIInterfaceOrientationLandscapeLeft UIInterfaceOrientationLandscapeRight";
				IPHONEOS_DEPLOYMENT_TARGET = 13.0;
				LD_RUNPATH_SEARCH_PATHS = (
					"$(inherited)",
					"@executable_path/Frameworks",
				);
				MARKETING_VERSION = 1.0;
				PRODUCT_BUNDLE_IDENTIFIER = com.markpushkar.godanang;
				PRODUCT_NAME = "$(TARGET_NAME)";
				SUPPORTED_PLATFORMS = "iphoneos iphonesimulator";
				SUPPORTS_MACCATALYST = NO;
				SUPPORTS_MAC_DESIGNED_FOR_IPHONE_IPAD = NO;
				SWIFT_EMIT_LOC_STRINGS = YES;
				SWIFT_VERSION = 5.0;
				TARGETED_DEVICE_FAMILY = 1;
			};
			name = Release;
		};
/* End XCBuildConfiguration section */

/* Begin XCConfigurationList section */
		63E7C51A2A0E422A00BEFA61 /* Build configuration list for PBXProject "GoDanang" */ = {
			isa = XCConfigurationList;
			buildConfigurations = (
				63E7C5312A0E422B00BEFA61 /* Debug */,
				63E7C5322A0E422B00BEFA61 /* Release */,
			);
			defaultConfigurationIsVisible = 0;
			defaultConfigurationName = Release;
		};
		63E7C5332A0E422B00BEFA61 /* Build configuration list for PBXNativeTarget "GoDanang" */ = {
			isa = XCConfigurationList;
			buildConfigurations = (
				63E7C5342A0E422B00BEFA61 /* Debug */,
				63E7C5352A0E422B00BEFA61 /* Release */,
			);
			defaultConfigurationIsVisible = 0;
			defaultConfigurationName = Release;
		};
/* End XCConfigurationList section */
	};
	rootObject = 63E7C5172A0E422A00BEFA61 /* Project object */;
}
